// !$*UTF8*$!
{
	archiveVersion = 1;
	classes = {
	};
	objectVersion = 56;
	objects = {

/* Begin PBXBuildFile section */
		854862B62C090BB5009CFC0A /* Grids__Stacks_and_ScrollViewApp.swift in Sources */ = {isa = PBXBuildFile; fileRef = 854862B52C090BB5009CFC0A /* Grids__Stacks_and_ScrollViewApp.swift */; };
		854862B82C090BB5009CFC0A /* MainScene.swift in Sources */ = {isa = PBXBuildFile; fileRef = 854862B72C090BB5009CFC0A /* MainScene.swift */; };
		854862BA2C090BB7009CFC0A /* Assets.xcassets in Resources */ = {isa = PBXBuildFile; fileRef = 854862B92C090BB7009CFC0A /* Assets.xcassets */; };
		854862BD2C090BB7009CFC0A /* Preview Assets.xcassets in Resources */ = {isa = PBXBuildFile; fileRef = 854862BC2C090BB7009CFC0A /* Preview Assets.xcassets */; };
		854862C42C090C7A009CFC0A /* CharacterView.swift in Sources */ = {isa = PBXBuildFile; fileRef = 854862C32C090C7A009CFC0A /* CharacterView.swift */; };
		854862C72C090C98009CFC0A /* CharacterViewModel.swift in Sources */ = {isa = PBXBuildFile; fileRef = 854862C62C090C98009CFC0A /* CharacterViewModel.swift */; };
		854862CC2C090CC8009CFC0A /* CharacterModel.swift in Sources */ = {isa = PBXBuildFile; fileRef = 854862CB2C090CC8009CFC0A /* CharacterModel.swift */; };
		854862CF2C090CD4009CFC0A /* PageCountModel.swift in Sources */ = {isa = PBXBuildFile; fileRef = 854862CE2C090CD4009CFC0A /* PageCountModel.swift */; };
		854862D22C090F05009CFC0A /* SimpleNetworking in Frameworks */ = {isa = PBXBuildFile; productRef = 854862D12C090F05009CFC0A /* SimpleNetworking */; };
		854862D52C091C3A009CFC0A /* CharacterDetailsView.swift in Sources */ = {isa = PBXBuildFile; fileRef = 854862D42C091C3A009CFC0A /* CharacterDetailsView.swift */; };
		854862DA2C09217A009CFC0A /* Color.swift in Sources */ = {isa = PBXBuildFile; fileRef = 854862D92C09217A009CFC0A /* Color.swift */; };
		854862DD2C092294009CFC0A /* get_schwifty.ttf in Resources */ = {isa = PBXBuildFile; fileRef = 854862DC2C092294009CFC0A /* get_schwifty.ttf */; };
		854862E12C0A0780009CFC0A /* EpisodeView.swift in Sources */ = {isa = PBXBuildFile; fileRef = 854862E02C0A0780009CFC0A /* EpisodeView.swift */; };
		854862E32C0A0862009CFC0A /* EpisodeModel.swift in Sources */ = {isa = PBXBuildFile; fileRef = 854862E22C0A0862009CFC0A /* EpisodeModel.swift */; };
		854862E52C0A08F6009CFC0A /* EpisodeViewModel.swift in Sources */ = {isa = PBXBuildFile; fileRef = 854862E42C0A08F6009CFC0A /* EpisodeViewModel.swift */; };
		854862E92C0A17B7009CFC0A /* SearchViewModel.swift in Sources */ = {isa = PBXBuildFile; fileRef = 854862E82C0A17B7009CFC0A /* SearchViewModel.swift */; };
		854862EC2C0A17C4009CFC0A /* SearchView.swift in Sources */ = {isa = PBXBuildFile; fileRef = 854862EB2C0A17C4009CFC0A /* SearchView.swift */; };
		854862EE2C0A241F009CFC0A /* SearchCharacterModel.swift in Sources */ = {isa = PBXBuildFile; fileRef = 854862ED2C0A241F009CFC0A /* SearchCharacterModel.swift */; };
		854862F02C0A249F009CFC0A /* SearchEpisodeModel.swift in Sources */ = {isa = PBXBuildFile; fileRef = 854862EF2C0A249F009CFC0A /* SearchEpisodeModel.swift */; };
		854862F22C0A2B17009CFC0A /* CharacterDetailsViewModel.swift in Sources */ = {isa = PBXBuildFile; fileRef = 854862F12C0A2B17009CFC0A /* CharacterDetailsViewModel.swift */; };
		854862F42C0A3972009CFC0A /* EpisodeInfoModel.swift in Sources */ = {isa = PBXBuildFile; fileRef = 854862F32C0A3972009CFC0A /* EpisodeInfoModel.swift */; };
		854862F62C0A5E51009CFC0A /* FiraGO-Regular.ttf in Resources */ = {isa = PBXBuildFile; fileRef = 854862F52C0A5E51009CFC0A /* FiraGO-Regular.ttf */; };
		854862F82C0A6012009CFC0A /* FiraGO-Bold.ttf in Resources */ = {isa = PBXBuildFile; fileRef = 854862F72C0A6012009CFC0A /* FiraGO-Bold.ttf */; };
/* End PBXBuildFile section */

/* Begin PBXFileReference section */
		854862B22C090BB5009CFC0A /* Grids, Stacks and ScrollView.app */ = {isa = PBXFileReference; explicitFileType = wrapper.application; includeInIndex = 0; path = "Grids, Stacks and ScrollView.app"; sourceTree = BUILT_PRODUCTS_DIR; };
		854862B52C090BB5009CFC0A /* Grids__Stacks_and_ScrollViewApp.swift */ = {isa = PBXFileReference; lastKnownFileType = sourcecode.swift; path = Grids__Stacks_and_ScrollViewApp.swift; sourceTree = "<group>"; };
		854862B72C090BB5009CFC0A /* MainScene.swift */ = {isa = PBXFileReference; lastKnownFileType = sourcecode.swift; path = MainScene.swift; sourceTree = "<group>"; };
		854862B92C090BB7009CFC0A /* Assets.xcassets */ = {isa = PBXFileReference; lastKnownFileType = folder.assetcatalog; path = Assets.xcassets; sourceTree = "<group>"; };
		854862BC2C090BB7009CFC0A /* Preview Assets.xcassets */ = {isa = PBXFileReference; lastKnownFileType = folder.assetcatalog; path = "Preview Assets.xcassets"; sourceTree = "<group>"; };
		854862C32C090C7A009CFC0A /* CharacterView.swift */ = {isa = PBXFileReference; lastKnownFileType = sourcecode.swift; path = CharacterView.swift; sourceTree = "<group>"; };
		854862C62C090C98009CFC0A /* CharacterViewModel.swift */ = {isa = PBXFileReference; lastKnownFileType = sourcecode.swift; path = CharacterViewModel.swift; sourceTree = "<group>"; };
		854862CB2C090CC8009CFC0A /* CharacterModel.swift */ = {isa = PBXFileReference; lastKnownFileType = sourcecode.swift; path = CharacterModel.swift; sourceTree = "<group>"; };
		854862CE2C090CD4009CFC0A /* PageCountModel.swift */ = {isa = PBXFileReference; lastKnownFileType = sourcecode.swift; path = PageCountModel.swift; sourceTree = "<group>"; };
		854862D42C091C3A009CFC0A /* CharacterDetailsView.swift */ = {isa = PBXFileReference; lastKnownFileType = sourcecode.swift; path = CharacterDetailsView.swift; sourceTree = "<group>"; };
		854862D92C09217A009CFC0A /* Color.swift */ = {isa = PBXFileReference; lastKnownFileType = sourcecode.swift; path = Color.swift; sourceTree = "<group>"; };
		854862DC2C092294009CFC0A /* get_schwifty.ttf */ = {isa = PBXFileReference; lastKnownFileType = file; path = get_schwifty.ttf; sourceTree = "<group>"; };
		854862DE2C0922E1009CFC0A /* Grids--Stacks-and-ScrollView-Info.plist */ = {isa = PBXFileReference; lastKnownFileType = text.plist.xml; path = "Grids--Stacks-and-ScrollView-Info.plist"; sourceTree = SOURCE_ROOT; };
		854862E02C0A0780009CFC0A /* EpisodeView.swift */ = {isa = PBXFileReference; lastKnownFileType = sourcecode.swift; path = EpisodeView.swift; sourceTree = "<group>"; };
		854862E22C0A0862009CFC0A /* EpisodeModel.swift */ = {isa = PBXFileReference; lastKnownFileType = sourcecode.swift; path = EpisodeModel.swift; sourceTree = "<group>"; };
		854862E42C0A08F6009CFC0A /* EpisodeViewModel.swift */ = {isa = PBXFileReference; lastKnownFileType = sourcecode.swift; path = EpisodeViewModel.swift; sourceTree = "<group>"; };
		854862E82C0A17B7009CFC0A /* SearchViewModel.swift */ = {isa = PBXFileReference; lastKnownFileType = sourcecode.swift; path = SearchViewModel.swift; sourceTree = "<group>"; };
		854862EB2C0A17C4009CFC0A /* SearchView.swift */ = {isa = PBXFileReference; lastKnownFileType = sourcecode.swift; path = SearchView.swift; sourceTree = "<group>"; };
		854862ED2C0A241F009CFC0A /* SearchCharacterModel.swift */ = {isa = PBXFileReference; lastKnownFileType = sourcecode.swift; path = SearchCharacterModel.swift; sourceTree = "<group>"; };
		854862EF2C0A249F009CFC0A /* SearchEpisodeModel.swift */ = {isa = PBXFileReference; lastKnownFileType = sourcecode.swift; path = SearchEpisodeModel.swift; sourceTree = "<group>"; };
		854862F12C0A2B17009CFC0A /* CharacterDetailsViewModel.swift */ = {isa = PBXFileReference; lastKnownFileType = sourcecode.swift; path = CharacterDetailsViewModel.swift; sourceTree = "<group>"; };
		854862F32C0A3972009CFC0A /* EpisodeInfoModel.swift */ = {isa = PBXFileReference; lastKnownFileType = sourcecode.swift; path = EpisodeInfoModel.swift; sourceTree = "<group>"; };
		854862F52C0A5E51009CFC0A /* FiraGO-Regular.ttf */ = {isa = PBXFileReference; lastKnownFileType = file; path = "FiraGO-Regular.ttf"; sourceTree = "<group>"; };
		854862F72C0A6012009CFC0A /* FiraGO-Bold.ttf */ = {isa = PBXFileReference; lastKnownFileType = file; path = "FiraGO-Bold.ttf"; sourceTree = "<group>"; };
/* End PBXFileReference section */

/* Begin PBXFrameworksBuildPhase section */
		854862AF2C090BB5009CFC0A /* Frameworks */ = {
			isa = PBXFrameworksBuildPhase;
			buildActionMask = 2147483647;
			files = (
				854862D22C090F05009CFC0A /* SimpleNetworking in Frameworks */,
			);
			runOnlyForDeploymentPostprocessing = 0;
		};
/* End PBXFrameworksBuildPhase section */

/* Begin PBXGroup section */
		854862A92C090BB5009CFC0A = {
			isa = PBXGroup;
			children = (
				854862B42C090BB5009CFC0A /* Grids, Stacks and ScrollView */,
				854862DE2C0922E1009CFC0A /* Grids--Stacks-and-ScrollView-Info.plist */,
				854862B32C090BB5009CFC0A /* Products */,
			);
			sourceTree = "<group>";
		};
		854862B32C090BB5009CFC0A /* Products */ = {
			isa = PBXGroup;
			children = (
				854862B22C090BB5009CFC0A /* Grids, Stacks and ScrollView.app */,
			);
			name = Products;
			sourceTree = "<group>";
		};
		854862B42C090BB5009CFC0A /* Grids, Stacks and ScrollView */ = {
			isa = PBXGroup;
			children = (
				854862B72C090BB5009CFC0A /* MainScene.swift */,
				854862DB2C09227E009CFC0A /* Assets */,
				854862D82C092173009CFC0A /* Extensions */,
				854862C82C090CA4009CFC0A /* App */,
				854862CA2C090CB9009CFC0A /* Model */,
				854862D72C091D5D009CFC0A /* Scenes */,
				854862BB2C090BB7009CFC0A /* Preview Content */,
			);
			path = "Grids, Stacks and ScrollView";
			sourceTree = "<group>";
		};
		854862BB2C090BB7009CFC0A /* Preview Content */ = {
			isa = PBXGroup;
			children = (
				854862BC2C090BB7009CFC0A /* Preview Assets.xcassets */,
			);
			path = "Preview Content";
			sourceTree = "<group>";
		};
		854862C52C090C81009CFC0A /* Character */ = {
			isa = PBXGroup;
			children = (
				854862D62C091D40009CFC0A /* CharacterView */,
				854862D32C091C2C009CFC0A /* CharacterDetails */,
			);
			path = Character;
			sourceTree = "<group>";
		};
		854862C82C090CA4009CFC0A /* App */ = {
			isa = PBXGroup;
			children = (
				854862B52C090BB5009CFC0A /* Grids__Stacks_and_ScrollViewApp.swift */,
			);
			path = App;
			sourceTree = "<group>";
		};
		854862CA2C090CB9009CFC0A /* Model */ = {
			isa = PBXGroup;
			children = (
				854862CB2C090CC8009CFC0A /* CharacterModel.swift */,
				854862E22C0A0862009CFC0A /* EpisodeModel.swift */,
				854862CE2C090CD4009CFC0A /* PageCountModel.swift */,
				854862ED2C0A241F009CFC0A /* SearchCharacterModel.swift */,
				854862EF2C0A249F009CFC0A /* SearchEpisodeModel.swift */,
				854862F32C0A3972009CFC0A /* EpisodeInfoModel.swift */,
			);
			path = Model;
			sourceTree = "<group>";
		};
		854862D32C091C2C009CFC0A /* CharacterDetails */ = {
			isa = PBXGroup;
			children = (
				854862D42C091C3A009CFC0A /* CharacterDetailsView.swift */,
				854862F12C0A2B17009CFC0A /* CharacterDetailsViewModel.swift */,
			);
			path = CharacterDetails;
			sourceTree = "<group>";
		};
		854862D62C091D40009CFC0A /* CharacterView */ = {
			isa = PBXGroup;
			children = (
				854862C32C090C7A009CFC0A /* CharacterView.swift */,
				854862C62C090C98009CFC0A /* CharacterViewModel.swift */,
			);
			path = CharacterView;
			sourceTree = "<group>";
		};
		854862D72C091D5D009CFC0A /* Scenes */ = {
			isa = PBXGroup;
			children = (
				854862C52C090C81009CFC0A /* Character */,
				854862E62C0A17A4009CFC0A /* Search */,
				854862DF2C0A0748009CFC0A /* Episode */,
			);
			path = Scenes;
			sourceTree = "<group>";
		};
		854862D82C092173009CFC0A /* Extensions */ = {
			isa = PBXGroup;
			children = (
				854862D92C09217A009CFC0A /* Color.swift */,
			);
			path = Extensions;
			sourceTree = "<group>";
		};
		854862DB2C09227E009CFC0A /* Assets */ = {
			isa = PBXGroup;
			children = (
				854862DC2C092294009CFC0A /* get_schwifty.ttf */,
				854862F52C0A5E51009CFC0A /* FiraGO-Regular.ttf */,
				854862F72C0A6012009CFC0A /* FiraGO-Bold.ttf */,
				854862B92C090BB7009CFC0A /* Assets.xcassets */,
			);
			path = Assets;
			sourceTree = "<group>";
		};
		854862DF2C0A0748009CFC0A /* Episode */ = {
			isa = PBXGroup;
			children = (
				854862E02C0A0780009CFC0A /* EpisodeView.swift */,
				854862E42C0A08F6009CFC0A /* EpisodeViewModel.swift */,
			);
			path = Episode;
			sourceTree = "<group>";
		};
		854862E62C0A17A4009CFC0A /* Search */ = {
			isa = PBXGroup;
			children = (
				854862E82C0A17B7009CFC0A /* SearchViewModel.swift */,
				854862EB2C0A17C4009CFC0A /* SearchView.swift */,
			);
			path = Search;
			sourceTree = "<group>";
		};
/* End PBXGroup section */

/* Begin PBXNativeTarget section */
		854862B12C090BB5009CFC0A /* Grids, Stacks and ScrollView */ = {
			isa = PBXNativeTarget;
			buildConfigurationList = 854862C02C090BB7009CFC0A /* Build configuration list for PBXNativeTarget "Grids, Stacks and ScrollView" */;
			buildPhases = (
				854862AE2C090BB5009CFC0A /* Sources */,
				854862AF2C090BB5009CFC0A /* Frameworks */,
				854862B02C090BB5009CFC0A /* Resources */,
			);
			buildRules = (
			);
			dependencies = (
			);
			name = "Grids, Stacks and ScrollView";
			packageProductDependencies = (
				854862D12C090F05009CFC0A /* SimpleNetworking */,
			);
			productName = "Grids, Stacks and ScrollView";
			productReference = 854862B22C090BB5009CFC0A /* Grids, Stacks and ScrollView.app */;
			productType = "com.apple.product-type.application";
		};
/* End PBXNativeTarget section */

/* Begin PBXProject section */
		854862AA2C090BB5009CFC0A /* Project object */ = {
			isa = PBXProject;
			attributes = {
				BuildIndependentTargetsInParallel = 1;
				LastSwiftUpdateCheck = 1530;
				LastUpgradeCheck = 1530;
				TargetAttributes = {
					854862B12C090BB5009CFC0A = {
						CreatedOnToolsVersion = 15.3;
					};
				};
			};
			buildConfigurationList = 854862AD2C090BB5009CFC0A /* Build configuration list for PBXProject "Grids, Stacks and ScrollView" */;
			compatibilityVersion = "Xcode 14.0";
			developmentRegion = en;
			hasScannedForEncodings = 0;
			knownRegions = (
				en,
				Base,
			);
			mainGroup = 854862A92C090BB5009CFC0A;
			packageReferences = (
				854862D02C090F05009CFC0A /* XCRemoteSwiftPackageReference "SimpleNetworking" */,
			);
			productRefGroup = 854862B32C090BB5009CFC0A /* Products */;
			projectDirPath = "";
			projectRoot = "";
			targets = (
				854862B12C090BB5009CFC0A /* Grids, Stacks and ScrollView */,
			);
		};
/* End PBXProject section */

/* Begin PBXResourcesBuildPhase section */
		854862B02C090BB5009CFC0A /* Resources */ = {
			isa = PBXResourcesBuildPhase;
			buildActionMask = 2147483647;
			files = (
				854862BD2C090BB7009CFC0A /* Preview Assets.xcassets in Resources */,
				854862F82C0A6012009CFC0A /* FiraGO-Bold.ttf in Resources */,
				854862F62C0A5E51009CFC0A /* FiraGO-Regular.ttf in Resources */,
				854862DD2C092294009CFC0A /* get_schwifty.ttf in Resources */,
				854862BA2C090BB7009CFC0A /* Assets.xcassets in Resources */,
			);
			runOnlyForDeploymentPostprocessing = 0;
		};
/* End PBXResourcesBuildPhase section */

/* Begin PBXSourcesBuildPhase section */
		854862AE2C090BB5009CFC0A /* Sources */ = {
			isa = PBXSourcesBuildPhase;
			buildActionMask = 2147483647;
			files = (
				854862C72C090C98009CFC0A /* CharacterViewModel.swift in Sources */,
				854862F02C0A249F009CFC0A /* SearchEpisodeModel.swift in Sources */,
				854862E12C0A0780009CFC0A /* EpisodeView.swift in Sources */,
				854862CC2C090CC8009CFC0A /* CharacterModel.swift in Sources */,
				854862EE2C0A241F009CFC0A /* SearchCharacterModel.swift in Sources */,
				854862E52C0A08F6009CFC0A /* EpisodeViewModel.swift in Sources */,
				854862C42C090C7A009CFC0A /* CharacterView.swift in Sources */,
				854862D52C091C3A009CFC0A /* CharacterDetailsView.swift in Sources */,
				854862E92C0A17B7009CFC0A /* SearchViewModel.swift in Sources */,
				854862F22C0A2B17009CFC0A /* CharacterDetailsViewModel.swift in Sources */,
				854862B82C090BB5009CFC0A /* MainScene.swift in Sources */,
				854862EC2C0A17C4009CFC0A /* SearchView.swift in Sources */,
				854862DA2C09217A009CFC0A /* Color.swift in Sources */,
				854862CF2C090CD4009CFC0A /* PageCountModel.swift in Sources */,
				854862B62C090BB5009CFC0A /* Grids__Stacks_and_ScrollViewApp.swift in Sources */,
				854862E32C0A0862009CFC0A /* EpisodeModel.swift in Sources */,
				854862F42C0A3972009CFC0A /* EpisodeInfoModel.swift in Sources */,
			);
			runOnlyForDeploymentPostprocessing = 0;
		};
/* End PBXSourcesBuildPhase section */

/* Begin XCBuildConfiguration section */
		854862BE2C090BB7009CFC0A /* Debug */ = {
			isa = XCBuildConfiguration;
			buildSettings = {
				ALWAYS_SEARCH_USER_PATHS = NO;
				ASSETCATALOG_COMPILER_GENERATE_SWIFT_ASSET_SYMBOL_EXTENSIONS = YES;
				CLANG_ANALYZER_NONNULL = YES;
				CLANG_ANALYZER_NUMBER_OBJECT_CONVERSION = YES_AGGRESSIVE;
				CLANG_CXX_LANGUAGE_STANDARD = "gnu++20";
				CLANG_ENABLE_MODULES = YES;
				CLANG_ENABLE_OBJC_ARC = YES;
				CLANG_ENABLE_OBJC_WEAK = YES;
				CLANG_WARN_BLOCK_CAPTURE_AUTORELEASING = YES;
				CLANG_WARN_BOOL_CONVERSION = YES;
				CLANG_WARN_COMMA = YES;
				CLANG_WARN_CONSTANT_CONVERSION = YES;
				CLANG_WARN_DEPRECATED_OBJC_IMPLEMENTATIONS = YES;
				CLANG_WARN_DIRECT_OBJC_ISA_USAGE = YES_ERROR;
				CLANG_WARN_DOCUMENTATION_COMMENTS = YES;
				CLANG_WARN_EMPTY_BODY = YES;
				CLANG_WARN_ENUM_CONVERSION = YES;
				CLANG_WARN_INFINITE_RECURSION = YES;
				CLANG_WARN_INT_CONVERSION = YES;
				CLANG_WARN_NON_LITERAL_NULL_CONVERSION = YES;
				CLANG_WARN_OBJC_IMPLICIT_RETAIN_SELF = YES;
				CLANG_WARN_OBJC_LITERAL_CONVERSION = YES;
				CLANG_WARN_OBJC_ROOT_CLASS = YES_ERROR;
				CLANG_WARN_QUOTED_INCLUDE_IN_FRAMEWORK_HEADER = YES;
				CLANG_WARN_RANGE_LOOP_ANALYSIS = YES;
				CLANG_WARN_STRICT_PROTOTYPES = YES;
				CLANG_WARN_SUSPICIOUS_MOVE = YES;
				CLANG_WARN_UNGUARDED_AVAILABILITY = YES_AGGRESSIVE;
				CLANG_WARN_UNREACHABLE_CODE = YES;
				CLANG_WARN__DUPLICATE_METHOD_MATCH = YES;
				COPY_PHASE_STRIP = NO;
				DEBUG_INFORMATION_FORMAT = dwarf;
				ENABLE_STRICT_OBJC_MSGSEND = YES;
				ENABLE_TESTABILITY = YES;
				ENABLE_USER_SCRIPT_SANDBOXING = YES;
				GCC_C_LANGUAGE_STANDARD = gnu17;
				GCC_DYNAMIC_NO_PIC = NO;
				GCC_NO_COMMON_BLOCKS = YES;
				GCC_OPTIMIZATION_LEVEL = 0;
				GCC_PREPROCESSOR_DEFINITIONS = (
					"DEBUG=1",
					"$(inherited)",
				);
				GCC_WARN_64_TO_32_BIT_CONVERSION = YES;
				GCC_WARN_ABOUT_RETURN_TYPE = YES_ERROR;
				GCC_WARN_UNDECLARED_SELECTOR = YES;
				GCC_WARN_UNINITIALIZED_AUTOS = YES_AGGRESSIVE;
				GCC_WARN_UNUSED_FUNCTION = YES;
				GCC_WARN_UNUSED_VARIABLE = YES;
				IPHONEOS_DEPLOYMENT_TARGET = 17.4;
				LOCALIZATION_PREFERS_STRING_CATALOGS = YES;
				MTL_ENABLE_DEBUG_INFO = INCLUDE_SOURCE;
				MTL_FAST_MATH = YES;
				ONLY_ACTIVE_ARCH = YES;
				SDKROOT = iphoneos;
				SWIFT_ACTIVE_COMPILATION_CONDITIONS = "DEBUG $(inherited)";
				SWIFT_OPTIMIZATION_LEVEL = "-Onone";
			};
			name = Debug;
		};
		854862BF2C090BB7009CFC0A /* Release */ = {
			isa = XCBuildConfiguration;
			buildSettings = {
				ALWAYS_SEARCH_USER_PATHS = NO;
				ASSETCATALOG_COMPILER_GENERATE_SWIFT_ASSET_SYMBOL_EXTENSIONS = YES;
				CLANG_ANALYZER_NONNULL = YES;
				CLANG_ANALYZER_NUMBER_OBJECT_CONVERSION = YES_AGGRESSIVE;
				CLANG_CXX_LANGUAGE_STANDARD = "gnu++20";
				CLANG_ENABLE_MODULES = YES;
				CLANG_ENABLE_OBJC_ARC = YES;
				CLANG_ENABLE_OBJC_WEAK = YES;
				CLANG_WARN_BLOCK_CAPTURE_AUTORELEASING = YES;
				CLANG_WARN_BOOL_CONVERSION = YES;
				CLANG_WARN_COMMA = YES;
				CLANG_WARN_CONSTANT_CONVERSION = YES;
				CLANG_WARN_DEPRECATED_OBJC_IMPLEMENTATIONS = YES;
				CLANG_WARN_DIRECT_OBJC_ISA_USAGE = YES_ERROR;
				CLANG_WARN_DOCUMENTATION_COMMENTS = YES;
				CLANG_WARN_EMPTY_BODY = YES;
				CLANG_WARN_ENUM_CONVERSION = YES;
				CLANG_WARN_INFINITE_RECURSION = YES;
				CLANG_WARN_INT_CONVERSION = YES;
				CLANG_WARN_NON_LITERAL_NULL_CONVERSION = YES;
				CLANG_WARN_OBJC_IMPLICIT_RETAIN_SELF = YES;
				CLANG_WARN_OBJC_LITERAL_CONVERSION = YES;
				CLANG_WARN_OBJC_ROOT_CLASS = YES_ERROR;
				CLANG_WARN_QUOTED_INCLUDE_IN_FRAMEWORK_HEADER = YES;
				CLANG_WARN_RANGE_LOOP_ANALYSIS = YES;
				CLANG_WARN_STRICT_PROTOTYPES = YES;
				CLANG_WARN_SUSPICIOUS_MOVE = YES;
				CLANG_WARN_UNGUARDED_AVAILABILITY = YES_AGGRESSIVE;
				CLANG_WARN_UNREACHABLE_CODE = YES;
				CLANG_WARN__DUPLICATE_METHOD_MATCH = YES;
				COPY_PHASE_STRIP = NO;
				DEBUG_INFORMATION_FORMAT = "dwarf-with-dsym";
				ENABLE_NS_ASSERTIONS = NO;
				ENABLE_STRICT_OBJC_MSGSEND = YES;
				ENABLE_USER_SCRIPT_SANDBOXING = YES;
				GCC_C_LANGUAGE_STANDARD = gnu17;
				GCC_NO_COMMON_BLOCKS = YES;
				GCC_WARN_64_TO_32_BIT_CONVERSION = YES;
				GCC_WARN_ABOUT_RETURN_TYPE = YES_ERROR;
				GCC_WARN_UNDECLARED_SELECTOR = YES;
				GCC_WARN_UNINITIALIZED_AUTOS = YES_AGGRESSIVE;
				GCC_WARN_UNUSED_FUNCTION = YES;
				GCC_WARN_UNUSED_VARIABLE = YES;
				IPHONEOS_DEPLOYMENT_TARGET = 17.4;
				LOCALIZATION_PREFERS_STRING_CATALOGS = YES;
				MTL_ENABLE_DEBUG_INFO = NO;
				MTL_FAST_MATH = YES;
				SDKROOT = iphoneos;
				SWIFT_COMPILATION_MODE = wholemodule;
				VALIDATE_PRODUCT = YES;
			};
			name = Release;
		};
		854862C12C090BB7009CFC0A /* Debug */ = {
			isa = XCBuildConfiguration;
			buildSettings = {
				ASSETCATALOG_COMPILER_APPICON_NAME = AppIcon;
				ASSETCATALOG_COMPILER_GLOBAL_ACCENT_COLOR_NAME = AccentColor;
				CODE_SIGN_STYLE = Automatic;
				CURRENT_PROJECT_VERSION = 1;
				DEVELOPMENT_ASSET_PATHS = "\"Grids, Stacks and ScrollView/Preview Content\"";
				DEVELOPMENT_TEAM = 9S26B8AV5C;
				ENABLE_PREVIEWS = YES;
				GENERATE_INFOPLIST_FILE = YES;
				INFOPLIST_FILE = "Grids--Stacks-and-ScrollView-Info.plist";
				INFOPLIST_KEY_UIApplicationSceneManifest_Generation = YES;
				INFOPLIST_KEY_UIApplicationSupportsIndirectInputEvents = YES;
				INFOPLIST_KEY_UILaunchScreen_Generation = YES;
				INFOPLIST_KEY_UISupportedInterfaceOrientations_iPad = "UIInterfaceOrientationPortrait UIInterfaceOrientationPortraitUpsideDown UIInterfaceOrientationLandscapeLeft UIInterfaceOrientationLandscapeRight";
				INFOPLIST_KEY_UISupportedInterfaceOrientations_iPhone = "UIInterfaceOrientationPortrait UIInterfaceOrientationLandscapeLeft UIInterfaceOrientationLandscapeRight";
				LD_RUNPATH_SEARCH_PATHS = (
					"$(inherited)",
					"@executable_path/Frameworks",
				);
				MARKETING_VERSION = 1.0;
				PRODUCT_BUNDLE_IDENTIFIER = "com.yvelazeMagariKompania.ge.Grids--Stacks-and-ScrollView";
				PRODUCT_NAME = "$(TARGET_NAME)";
				SWIFT_EMIT_LOC_STRINGS = YES;
				SWIFT_VERSION = 5.0;
				TARGETED_DEVICE_FAMILY = "1,2";
			};
			name = Debug;
		};
		854862C22C090BB7009CFC0A /* Release */ = {
			isa = XCBuildConfiguration;
			buildSettings = {
				ASSETCATALOG_COMPILER_APPICON_NAME = AppIcon;
				ASSETCATALOG_COMPILER_GLOBAL_ACCENT_COLOR_NAME = AccentColor;
				CODE_SIGN_STYLE = Automatic;
				CURRENT_PROJECT_VERSION = 1;
				DEVELOPMENT_ASSET_PATHS = "\"Grids, Stacks and ScrollView/Preview Content\"";
				DEVELOPMENT_TEAM = 9S26B8AV5C;
				ENABLE_PREVIEWS = YES;
				GENERATE_INFOPLIST_FILE = YES;
				INFOPLIST_FILE = "Grids--Stacks-and-ScrollView-Info.plist";
				INFOPLIST_KEY_UIApplicationSceneManifest_Generation = YES;
				INFOPLIST_KEY_UIApplicationSupportsIndirectInputEvents = YES;
				INFOPLIST_KEY_UILaunchScreen_Generation = YES;
				INFOPLIST_KEY_UISupportedInterfaceOrientations_iPad = "UIInterfaceOrientationPortrait UIInterfaceOrientationPortraitUpsideDown UIInterfaceOrientationLandscapeLeft UIInterfaceOrientationLandscapeRight";
				INFOPLIST_KEY_UISupportedInterfaceOrientations_iPhone = "UIInterfaceOrientationPortrait UIInterfaceOrientationLandscapeLeft UIInterfaceOrientationLandscapeRight";
				LD_RUNPATH_SEARCH_PATHS = (
					"$(inherited)",
					"@executable_path/Frameworks",
				);
				MARKETING_VERSION = 1.0;
				PRODUCT_BUNDLE_IDENTIFIER = "com.yvelazeMagariKompania.ge.Grids--Stacks-and-ScrollView";
				PRODUCT_NAME = "$(TARGET_NAME)";
				SWIFT_EMIT_LOC_STRINGS = YES;
				SWIFT_VERSION = 5.0;
				TARGETED_DEVICE_FAMILY = "1,2";
			};
			name = Release;
		};
/* End XCBuildConfiguration section */

/* Begin XCConfigurationList section */
		854862AD2C090BB5009CFC0A /* Build configuration list for PBXProject "Grids, Stacks and ScrollView" */ = {
			isa = XCConfigurationList;
			buildConfigurations = (
				854862BE2C090BB7009CFC0A /* Debug */,
				854862BF2C090BB7009CFC0A /* Release */,
			);
			defaultConfigurationIsVisible = 0;
			defaultConfigurationName = Release;
		};
		854862C02C090BB7009CFC0A /* Build configuration list for PBXNativeTarget "Grids, Stacks and ScrollView" */ = {
			isa = XCConfigurationList;
			buildConfigurations = (
				854862C12C090BB7009CFC0A /* Debug */,
				854862C22C090BB7009CFC0A /* Release */,
			);
			defaultConfigurationIsVisible = 0;
			defaultConfigurationName = Release;
		};
/* End XCConfigurationList section */

/* Begin XCRemoteSwiftPackageReference section */
		854862D02C090F05009CFC0A /* XCRemoteSwiftPackageReference "SimpleNetworking" */ = {
			isa = XCRemoteSwiftPackageReference;
			repositoryURL = "https://github.com/GujMeister/SimpleNetworking";
			requirement = {
				branch = main;
				kind = branch;
			};
		};
/* End XCRemoteSwiftPackageReference section */

/* Begin XCSwiftPackageProductDependency section */
		854862D12C090F05009CFC0A /* SimpleNetworking */ = {
			isa = XCSwiftPackageProductDependency;
			package = 854862D02C090F05009CFC0A /* XCRemoteSwiftPackageReference "SimpleNetworking" */;
			productName = SimpleNetworking;
		};
/* End XCSwiftPackageProductDependency section */
	};
	rootObject = 854862AA2C090BB5009CFC0A /* Project object */;
}
